// !$*UTF8*$!
{
	archiveVersion = 1;
	classes = {
	};
	objectVersion = 50;
	objects = {

/* Begin PBXBuildFile section */
		85281AB8237CA48E00B39BDE /* AppDelegate.swift in Sources */ = {isa = PBXBuildFile; fileRef = 85281AB7237CA48E00B39BDE /* AppDelegate.swift */; };
		85281ABA237CA48E00B39BDE /* SceneDelegate.swift in Sources */ = {isa = PBXBuildFile; fileRef = 85281AB9237CA48E00B39BDE /* SceneDelegate.swift */; };
		85281ABC237CA48E00B39BDE /* ViewController.swift in Sources */ = {isa = PBXBuildFile; fileRef = 85281ABB237CA48E00B39BDE /* ViewController.swift */; };
		85281ABF237CA48E00B39BDE /* Main.storyboard in Resources */ = {isa = PBXBuildFile; fileRef = 85281ABD237CA48E00B39BDE /* Main.storyboard */; };
		85281AC1237CA49100B39BDE /* Assets.xcassets in Resources */ = {isa = PBXBuildFile; fileRef = 85281AC0237CA49100B39BDE /* Assets.xcassets */; };
		85281AC4237CA49100B39BDE /* LaunchScreen.storyboard in Resources */ = {isa = PBXBuildFile; fileRef = 85281AC2237CA49100B39BDE /* LaunchScreen.storyboard */; };
		85281ACF237CA49100B39BDE /* TasksTests.swift in Sources */ = {isa = PBXBuildFile; fileRef = 85281ACE237CA49100B39BDE /* TasksTests.swift */; };
		85281ADA237CA49100B39BDE /* TasksUITests.swift in Sources */ = {isa = PBXBuildFile; fileRef = 85281AD9237CA49100B39BDE /* TasksUITests.swift */; };
/* End PBXBuildFile section */

/* Begin PBXContainerItemProxy section */
		85281ACB237CA49100B39BDE /* PBXContainerItemProxy */ = {
			isa = PBXContainerItemProxy;
			containerPortal = 85281AAC237CA48E00B39BDE /* Project object */;
			proxyType = 1;
			remoteGlobalIDString = 85281AB3237CA48E00B39BDE;
			remoteInfo = Tasks;
		};
		85281AD6237CA49100B39BDE /* PBXContainerItemProxy */ = {
			isa = PBXContainerItemProxy;
			containerPortal = 85281AAC237CA48E00B39BDE /* Project object */;
			proxyType = 1;
			remoteGlobalIDString = 85281AB3237CA48E00B39BDE;
			remoteInfo = Tasks;
		};
/* End PBXContainerItemProxy section */

/* Begin PBXFileReference section */
		85281AB4237CA48E00B39BDE /* Tasks.app */ = {isa = PBXFileReference; explicitFileType = wrapper.application; includeInIndex = 0; path = Tasks.app; sourceTree = BUILT_PRODUCTS_DIR; };
		85281AB7237CA48E00B39BDE /* AppDelegate.swift */ = {isa = PBXFileReference; lastKnownFileType = sourcecode.swift; path = AppDelegate.swift; sourceTree = "<group>"; };
		85281AB9237CA48E00B39BDE /* SceneDelegate.swift */ = {isa = PBXFileReference; lastKnownFileType = sourcecode.swift; path = SceneDelegate.swift; sourceTree = "<group>"; };
		85281ABB237CA48E00B39BDE /* ViewController.swift */ = {isa = PBXFileReference; lastKnownFileType = sourcecode.swift; path = ViewController.swift; sourceTree = "<group>"; };
		85281ABE237CA48E00B39BDE /* Base */ = {isa = PBXFileReference; lastKnownFileType = file.storyboard; name = Base; path = Base.lproj/Main.storyboard; sourceTree = "<group>"; };
		85281AC0237CA49100B39BDE /* Assets.xcassets */ = {isa = PBXFileReference; lastKnownFileType = folder.assetcatalog; path = Assets.xcassets; sourceTree = "<group>"; };
		85281AC3237CA49100B39BDE /* Base */ = {isa = PBXFileReference; lastKnownFileType = file.storyboard; name = Base; path = Base.lproj/LaunchScreen.storyboard; sourceTree = "<group>"; };
		85281AC5237CA49100B39BDE /* Info.plist */ = {isa = PBXFileReference; lastKnownFileType = text.plist.xml; path = Info.plist; sourceTree = "<group>"; };
		85281ACA237CA49100B39BDE /* TasksTests.xctest */ = {isa = PBXFileReference; explicitFileType = wrapper.cfbundle; includeInIndex = 0; path = TasksTests.xctest; sourceTree = BUILT_PRODUCTS_DIR; };
		85281ACE237CA49100B39BDE /* TasksTests.swift */ = {isa = PBXFileReference; lastKnownFileType = sourcecode.swift; path = TasksTests.swift; sourceTree = "<group>"; };
		85281AD0237CA49100B39BDE /* Info.plist */ = {isa = PBXFileReference; lastKnownFileType = text.plist.xml; path = Info.plist; sourceTree = "<group>"; };
		85281AD5237CA49100B39BDE /* TasksUITests.xctest */ = {isa = PBXFileReference; explicitFileType = wrapper.cfbundle; includeInIndex = 0; path = TasksUITests.xctest; sourceTree = BUILT_PRODUCTS_DIR; };
		85281AD9237CA49100B39BDE /* TasksUITests.swift */ = {isa = PBXFileReference; lastKnownFileType = sourcecode.swift; path = TasksUITests.swift; sourceTree = "<group>"; };
		85281ADB237CA49100B39BDE /* Info.plist */ = {isa = PBXFileReference; lastKnownFileType = text.plist.xml; path = Info.plist; sourceTree = "<group>"; };
/* End PBXFileReference section */

/* Begin PBXFrameworksBuildPhase section */
		85281AB1237CA48E00B39BDE /* Frameworks */ = {
			isa = PBXFrameworksBuildPhase;
			buildActionMask = 2147483647;
			files = (
			);
			runOnlyForDeploymentPostprocessing = 0;
		};
		85281AC7237CA49100B39BDE /* Frameworks */ = {
			isa = PBXFrameworksBuildPhase;
			buildActionMask = 2147483647;
			files = (
			);
			runOnlyForDeploymentPostprocessing = 0;
		};
		85281AD2237CA49100B39BDE /* Frameworks */ = {
			isa = PBXFrameworksBuildPhase;
			buildActionMask = 2147483647;
			files = (
			);
			runOnlyForDeploymentPostprocessing = 0;
		};
/* End PBXFrameworksBuildPhase section */

/* Begin PBXGroup section */
		85281AAB237CA48E00B39BDE = {
			isa = PBXGroup;
			children = (
				85281AB6237CA48E00B39BDE /* Tasks */,
				85281ACD237CA49100B39BDE /* TasksTests */,
				85281AD8237CA49100B39BDE /* TasksUITests */,
				85281AB5237CA48E00B39BDE /* Products */,
			);
			sourceTree = "<group>";
		};
		85281AB5237CA48E00B39BDE /* Products */ = {
			isa = PBXGroup;
			children = (
				85281AB4237CA48E00B39BDE /* Tasks.app */,
				85281ACA237CA49100B39BDE /* TasksTests.xctest */,
				85281AD5237CA49100B39BDE /* TasksUITests.xctest */,
			);
			name = Products;
			sourceTree = "<group>";
		};
		85281AB6237CA48E00B39BDE /* Tasks */ = {
			isa = PBXGroup;
			children = (
				85281AB7237CA48E00B39BDE /* AppDelegate.swift */,
				85281AB9237CA48E00B39BDE /* SceneDelegate.swift */,
				85281ABB237CA48E00B39BDE /* ViewController.swift */,
				85281ABD237CA48E00B39BDE /* Main.storyboard */,
				85281AC0237CA49100B39BDE /* Assets.xcassets */,
				85281AC2237CA49100B39BDE /* LaunchScreen.storyboard */,
				85281AC5237CA49100B39BDE /* Info.plist */,
			);
			path = Tasks;
			sourceTree = "<group>";
		};
		85281ACD237CA49100B39BDE /* TasksTests */ = {
			isa = PBXGroup;
			children = (
				85281ACE237CA49100B39BDE /* TasksTests.swift */,
				85281AD0237CA49100B39BDE /* Info.plist */,
			);
			path = TasksTests;
			sourceTree = "<group>";
		};
		85281AD8237CA49100B39BDE /* TasksUITests */ = {
			isa = PBXGroup;
			children = (
				85281AD9237CA49100B39BDE /* TasksUITests.swift */,
				85281ADB237CA49100B39BDE /* Info.plist */,
			);
			path = TasksUITests;
			sourceTree = "<group>";
		};
/* End PBXGroup section */

/* Begin PBXNativeTarget section */
		85281AB3237CA48E00B39BDE /* Tasks */ = {
			isa = PBXNativeTarget;
			buildConfigurationList = 85281ADE237CA49100B39BDE /* Build configuration list for PBXNativeTarget "Tasks" */;
			buildPhases = (
				85281AB0237CA48E00B39BDE /* Sources */,
				85281AB1237CA48E00B39BDE /* Frameworks */,
				85281AB2237CA48E00B39BDE /* Resources */,
			);
			buildRules = (
			);
			dependencies = (
			);
			name = Tasks;
			productName = Tasks;
			productReference = 85281AB4237CA48E00B39BDE /* Tasks.app */;
			productType = "com.apple.product-type.application";
		};
		85281AC9237CA49100B39BDE /* TasksTests */ = {
			isa = PBXNativeTarget;
			buildConfigurationList = 85281AE1237CA49100B39BDE /* Build configuration list for PBXNativeTarget "TasksTests" */;
			buildPhases = (
				85281AC6237CA49100B39BDE /* Sources */,
				85281AC7237CA49100B39BDE /* Frameworks */,
				85281AC8237CA49100B39BDE /* Resources */,
			);
			buildRules = (
			);
			dependencies = (
				85281ACC237CA49100B39BDE /* PBXTargetDependency */,
			);
			name = TasksTests;
			productName = TasksTests;
			productReference = 85281ACA237CA49100B39BDE /* TasksTests.xctest */;
			productType = "com.apple.product-type.bundle.unit-test";
		};
		85281AD4237CA49100B39BDE /* TasksUITests */ = {
			isa = PBXNativeTarget;
			buildConfigurationList = 85281AE4237CA49100B39BDE /* Build configuration list for PBXNativeTarget "TasksUITests" */;
			buildPhases = (
				85281AD1237CA49100B39BDE /* Sources */,
				85281AD2237CA49100B39BDE /* Frameworks */,
				85281AD3237CA49100B39BDE /* Resources */,
			);
			buildRules = (
			);
			dependencies = (
				85281AD7237CA49100B39BDE /* PBXTargetDependency */,
			);
			name = TasksUITests;
			productName = TasksUITests;
			productReference = 85281AD5237CA49100B39BDE /* TasksUITests.xctest */;
			productType = "com.apple.product-type.bundle.ui-testing";
		};
/* End PBXNativeTarget section */

/* Begin PBXProject section */
		85281AAC237CA48E00B39BDE /* Project object */ = {
			isa = PBXProject;
			attributes = {
				LastSwiftUpdateCheck = 1120;
				LastUpgradeCheck = 1120;
				ORGANIZATIONNAME = "Faraz Muhammad Aulia";
				TargetAttributes = {
					85281AB3237CA48E00B39BDE = {
						CreatedOnToolsVersion = 11.2;
					};
					85281AC9237CA49100B39BDE = {
						CreatedOnToolsVersion = 11.2;
						TestTargetID = 85281AB3237CA48E00B39BDE;
					};
					85281AD4237CA49100B39BDE = {
						CreatedOnToolsVersion = 11.2;
						TestTargetID = 85281AB3237CA48E00B39BDE;
					};
				};
			};
			buildConfigurationList = 85281AAF237CA48E00B39BDE /* Build configuration list for PBXProject "Tasks" */;
			compatibilityVersion = "Xcode 9.3";
			developmentRegion = en;
			hasScannedForEncodings = 0;
			knownRegions = (
				en,
				Base,
			);
			mainGroup = 85281AAB237CA48E00B39BDE;
			productRefGroup = 85281AB5237CA48E00B39BDE /* Products */;
			projectDirPath = "";
			projectRoot = "";
			targets = (
				85281AB3237CA48E00B39BDE /* Tasks */,
				85281AC9237CA49100B39BDE /* TasksTests */,
				85281AD4237CA49100B39BDE /* TasksUITests */,
			);
		};
/* End PBXProject section */

/* Begin PBXResourcesBuildPhase section */
		85281AB2237CA48E00B39BDE /* Resources */ = {
			isa = PBXResourcesBuildPhase;
			buildActionMask = 2147483647;
			files = (
				85281AC4237CA49100B39BDE /* LaunchScreen.storyboard in Resources */,
				85281AC1237CA49100B39BDE /* Assets.xcassets in Resources */,
				85281ABF237CA48E00B39BDE /* Main.storyboard in Resources */,
			);
			runOnlyForDeploymentPostprocessing = 0;
		};
		85281AC8237CA49100B39BDE /* Resources */ = {
			isa = PBXResourcesBuildPhase;
			buildActionMask = 2147483647;
			files = (
			);
			runOnlyForDeploymentPostprocessing = 0;
		};
		85281AD3237CA49100B39BDE /* Resources */ = {
			isa = PBXResourcesBuildPhase;
			buildActionMask = 2147483647;
			files = (
			);
			runOnlyForDeploymentPostprocessing = 0;
		};
/* End PBXResourcesBuildPhase section */

/* Begin PBXSourcesBuildPhase section */
		85281AB0237CA48E00B39BDE /* Sources */ = {
			isa = PBXSourcesBuildPhase;
			buildActionMask = 2147483647;
			files = (
				85281ABC237CA48E00B39BDE /* ViewController.swift in Sources */,
				85281AB8237CA48E00B39BDE /* AppDelegate.swift in Sources */,
				85281ABA237CA48E00B39BDE /* SceneDelegate.swift in Sources */,
			);
			runOnlyForDeploymentPostprocessing = 0;
		};
		85281AC6237CA49100B39BDE /* Sources */ = {
			isa = PBXSourcesBuildPhase;
			buildActionMask = 2147483647;
			files = (
				85281ACF237CA49100B39BDE /* TasksTests.swift in Sources */,
			);
			runOnlyForDeploymentPostprocessing = 0;
		};
		85281AD1237CA49100B39BDE /* Sources */ = {
			isa = PBXSourcesBuildPhase;
			buildActionMask = 2147483647;
			files = (
				85281ADA237CA49100B39BDE /* TasksUITests.swift in Sources */,
			);
			runOnlyForDeploymentPostprocessing = 0;
		};
/* End PBXSourcesBuildPhase section */

/* Begin PBXTargetDependency section */
		85281ACC237CA49100B39BDE /* PBXTargetDependency */ = {
			isa = PBXTargetDependency;
			target = 85281AB3237CA48E00B39BDE /* Tasks */;
			targetProxy = 85281ACB237CA49100B39BDE /* PBXContainerItemProxy */;
		};
		85281AD7237CA49100B39BDE /* PBXTargetDependency */ = {
			isa = PBXTargetDependency;
			target = 85281AB3237CA48E00B39BDE /* Tasks */;
			targetProxy = 85281AD6237CA49100B39BDE /* PBXContainerItemProxy */;
		};
/* End PBXTargetDependency section */

/* Begin PBXVariantGroup section */
		85281ABD237CA48E00B39BDE /* Main.storyboard */ = {
			isa = PBXVariantGroup;
			children = (
				85281ABE237CA48E00B39BDE /* Base */,
			);
			name = Main.storyboard;
			sourceTree = "<group>";
		};
		85281AC2237CA49100B39BDE /* LaunchScreen.storyboard */ = {
			isa = PBXVariantGroup;
			children = (
				85281AC3237CA49100B39BDE /* Base */,
			);
			name = LaunchScreen.storyboard;
			sourceTree = "<group>";
		};
/* End PBXVariantGroup section */

/* Begin XCBuildConfiguration section */
		85281ADC237CA49100B39BDE /* Debug */ = {
			isa = XCBuildConfiguration;
			buildSettings = {
				ALWAYS_SEARCH_USER_PATHS = NO;
				CLANG_ANALYZER_NONNULL = YES;
				CLANG_ANALYZER_NUMBER_OBJECT_CONVERSION = YES_AGGRESSIVE;
				CLANG_CXX_LANGUAGE_STANDARD = "gnu++14";
				CLANG_CXX_LIBRARY = "libc++";
				CLANG_ENABLE_MODULES = YES;
				CLANG_ENABLE_OBJC_ARC = YES;
				CLANG_ENABLE_OBJC_WEAK = YES;
				CLANG_WARN_BLOCK_CAPTURE_AUTORELEASING = YES;
				CLANG_WARN_BOOL_CONVERSION = YES;
				CLANG_WARN_COMMA = YES;
				CLANG_WARN_CONSTANT_CONVERSION = YES;
				CLANG_WARN_DEPRECATED_OBJC_IMPLEMENTATIONS = YES;
				CLANG_WARN_DIRECT_OBJC_ISA_USAGE = YES_ERROR;
				CLANG_WARN_DOCUMENTATION_COMMENTS = YES;
				CLANG_WARN_EMPTY_BODY = YES;
				CLANG_WARN_ENUM_CONVERSION = YES;
				CLANG_WARN_INFINITE_RECURSION = YES;
				CLANG_WARN_INT_CONVERSION = YES;
				CLANG_WARN_NON_LITERAL_NULL_CONVERSION = YES;
				CLANG_WARN_OBJC_IMPLICIT_RETAIN_SELF = YES;
				CLANG_WARN_OBJC_LITERAL_CONVERSION = YES;
				CLANG_WARN_OBJC_ROOT_CLASS = YES_ERROR;
				CLANG_WARN_RANGE_LOOP_ANALYSIS = YES;
				CLANG_WARN_STRICT_PROTOTYPES = YES;
				CLANG_WARN_SUSPICIOUS_MOVE = YES;
				CLANG_WARN_UNGUARDED_AVAILABILITY = YES_AGGRESSIVE;
				CLANG_WARN_UNREACHABLE_CODE = YES;
				CLANG_WARN__DUPLICATE_METHOD_MATCH = YES;
				COPY_PHASE_STRIP = NO;
				DEBUG_INFORMATION_FORMAT = dwarf;
				ENABLE_STRICT_OBJC_MSGSEND = YES;
				ENABLE_TESTABILITY = YES;
				GCC_C_LANGUAGE_STANDARD = gnu11;
				GCC_DYNAMIC_NO_PIC = NO;
				GCC_NO_COMMON_BLOCKS = YES;
				GCC_OPTIMIZATION_LEVEL = 0;
				GCC_PREPROCESSOR_DEFINITIONS = (
					"DEBUG=1",
					"$(inherited)",
				);
				GCC_WARN_64_TO_32_BIT_CONVERSION = YES;
				GCC_WARN_ABOUT_RETURN_TYPE = YES_ERROR;
				GCC_WARN_UNDECLARED_SELECTOR = YES;
				GCC_WARN_UNINITIALIZED_AUTOS = YES_AGGRESSIVE;
				GCC_WARN_UNUSED_FUNCTION = YES;
				GCC_WARN_UNUSED_VARIABLE = YES;
				IPHONEOS_DEPLOYMENT_TARGET = 13.2;
				MTL_ENABLE_DEBUG_INFO = INCLUDE_SOURCE;
				MTL_FAST_MATH = YES;
				ONLY_ACTIVE_ARCH = YES;
				SDKROOT = iphoneos;
				SWIFT_ACTIVE_COMPILATION_CONDITIONS = DEBUG;
				SWIFT_OPTIMIZATION_LEVEL = "-Onone";
			};
			name = Debug;
		};
		85281ADD237CA49100B39BDE /* Release */ = {
			isa = XCBuildConfiguration;
			buildSettings = {
				ALWAYS_SEARCH_USER_PATHS = NO;
				CLANG_ANALYZER_NONNULL = YES;
				CLANG_ANALYZER_NUMBER_OBJECT_CONVERSION = YES_AGGRESSIVE;
				CLANG_CXX_LANGUAGE_STANDARD = "gnu++14";
				CLANG_CXX_LIBRARY = "libc++";
				CLANG_ENABLE_MODULES = YES;
				CLANG_ENABLE_OBJC_ARC = YES;
				CLANG_ENABLE_OBJC_WEAK = YES;
				CLANG_WARN_BLOCK_CAPTURE_AUTORELEASING = YES;
				CLANG_WARN_BOOL_CONVERSION = YES;
				CLANG_WARN_COMMA = YES;
				CLANG_WARN_CONSTANT_CONVERSION = YES;
				CLANG_WARN_DEPRECATED_OBJC_IMPLEMENTATIONS = YES;
				CLANG_WARN_DIRECT_OBJC_ISA_USAGE = YES_ERROR;
				CLANG_WARN_DOCUMENTATION_COMMENTS = YES;
				CLANG_WARN_EMPTY_BODY = YES;
				CLANG_WARN_ENUM_CONVERSION = YES;
				CLANG_WARN_INFINITE_RECURSION = YES;
				CLANG_WARN_INT_CONVERSION = YES;
				CLANG_WARN_NON_LITERAL_NULL_CONVERSION = YES;
				CLANG_WARN_OBJC_IMPLICIT_RETAIN_SELF = YES;
				CLANG_WARN_OBJC_LITERAL_CONVERSION = YES;
				CLANG_WARN_OBJC_ROOT_CLASS = YES_ERROR;
				CLANG_WARN_RANGE_LOOP_ANALYSIS = YES;
				CLANG_WARN_STRICT_PROTOTYPES = YES;
				CLANG_WARN_SUSPICIOUS_MOVE = YES;
				CLANG_WARN_UNGUARDED_AVAILABILITY = YES_AGGRESSIVE;
				CLANG_WARN_UNREACHABLE_CODE = YES;
				CLANG_WARN__DUPLICATE_METHOD_MATCH = YES;
				COPY_PHASE_STRIP = NO;
				DEBUG_INFORMATION_FORMAT = "dwarf-with-dsym";
				ENABLE_NS_ASSERTIONS = NO;
				ENABLE_STRICT_OBJC_MSGSEND = YES;
				GCC_C_LANGUAGE_STANDARD = gnu11;
				GCC_NO_COMMON_BLOCKS = YES;
				GCC_WARN_64_TO_32_BIT_CONVERSION = YES;
				GCC_WARN_ABOUT_RETURN_TYPE = YES_ERROR;
				GCC_WARN_UNDECLARED_SELECTOR = YES;
				GCC_WARN_UNINITIALIZED_AUTOS = YES_AGGRESSIVE;
				GCC_WARN_UNUSED_FUNCTION = YES;
				GCC_WARN_UNUSED_VARIABLE = YES;
				IPHONEOS_DEPLOYMENT_TARGET = 13.2;
				MTL_ENABLE_DEBUG_INFO = NO;
				MTL_FAST_MATH = YES;
				SDKROOT = iphoneos;
				SWIFT_COMPILATION_MODE = wholemodule;
				SWIFT_OPTIMIZATION_LEVEL = "-O";
				VALIDATE_PRODUCT = YES;
			};
			name = Release;
		};
		85281ADF237CA49100B39BDE /* Debug */ = {
			isa = XCBuildConfiguration;
			buildSettings = {
				ASSETCATALOG_COMPILER_APPICON_NAME = AppIcon;
				CODE_SIGN_STYLE = Automatic;
				DEVELOPMENT_TEAM = 6A3SNQWQ95;
				INFOPLIST_FILE = Tasks/Info.plist;
				LD_RUNPATH_SEARCH_PATHS = (
					"$(inherited)",
					"@executable_path/Frameworks",
				);
				PRODUCT_BUNDLE_IDENTIFIER = id.farazaulia.apps.Tasks;
				PRODUCT_NAME = "$(TARGET_NAME)";
				SWIFT_VERSION = 5.0;
				TARGETED_DEVICE_FAMILY = "1,2";
			};
			name = Debug;
		};
		85281AE0237CA49100B39BDE /* Release */ = {
			isa = XCBuildConfiguration;
			buildSettings = {
				ASSETCATALOG_COMPILER_APPICON_NAME = AppIcon;
				CODE_SIGN_STYLE = Automatic;
				DEVELOPMENT_TEAM = 6A3SNQWQ95;
				INFOPLIST_FILE = Tasks/Info.plist;
				LD_RUNPATH_SEARCH_PATHS = (
					"$(inherited)",
					"@executable_path/Frameworks",
				);
				PRODUCT_BUNDLE_IDENTIFIER = id.farazaulia.apps.Tasks;
				PRODUCT_NAME = "$(TARGET_NAME)";
				SWIFT_VERSION = 5.0;
				TARGETED_DEVICE_FAMILY = "1,2";
			};
			name = Release;
		};
		85281AE2237CA49100B39BDE /* Debug */ = {
			isa = XCBuildConfiguration;
			buildSettings = {
				ALWAYS_EMBED_SWIFT_STANDARD_LIBRARIES = YES;
				BUNDLE_LOADER = "$(TEST_HOST)";
				CODE_SIGN_STYLE = Automatic;
				DEVELOPMENT_TEAM = 6A3SNQWQ95;
				INFOPLIST_FILE = TasksTests/Info.plist;
				IPHONEOS_DEPLOYMENT_TARGET = 13.2;
				LD_RUNPATH_SEARCH_PATHS = (
					"$(inherited)",
					"@executable_path/Frameworks",
					"@loader_path/Frameworks",
				);
				PRODUCT_BUNDLE_IDENTIFIER = id.farazaulia.apps.TasksTests;
				PRODUCT_NAME = "$(TARGET_NAME)";
				SWIFT_VERSION = 5.0;
				TARGETED_DEVICE_FAMILY = "1,2";
				TEST_HOST = "$(BUILT_PRODUCTS_DIR)/Tasks.app/Tasks";
			};
			name = Debug;
		};
		85281AE3237CA49100B39BDE /* Release */ = {
			isa = XCBuildConfiguration;
			buildSettings = {
				ALWAYS_EMBED_SWIFT_STANDARD_LIBRARIES = YES;
				BUNDLE_LOADER = "$(TEST_HOST)";
				CODE_SIGN_STYLE = Automatic;
				DEVELOPMENT_TEAM = 6A3SNQWQ95;
				INFOPLIST_FILE = TasksTests/Info.plist;
				IPHONEOS_DEPLOYMENT_TARGET = 13.2;
				LD_RUNPATH_SEARCH_PATHS = (
					"$(inherited)",
					"@executable_path/Frameworks",
					"@loader_path/Frameworks",
				);
				PRODUCT_BUNDLE_IDENTIFIER = id.farazaulia.apps.TasksTests;
				PRODUCT_NAME = "$(TARGET_NAME)";
				SWIFT_VERSION = 5.0;
				TARGETED_DEVICE_FAMILY = "1,2";
				TEST_HOST = "$(BUILT_PRODUCTS_DIR)/Tasks.app/Tasks";
			};
			name = Release;
		};
		85281AE5237CA49100B39BDE /* Debug */ = {
			isa = XCBuildConfiguration;
			buildSettings = {
				ALWAYS_EMBED_SWIFT_STANDARD_LIBRARIES = YES;
				CODE_SIGN_STYLE = Automatic;
				DEVELOPMENT_TEAM = 6A3SNQWQ95;
				INFOPLIST_FILE = TasksUITests/Info.plist;
				LD_RUNPATH_SEARCH_PATHS = (
					"$(inherited)",
					"@executable_path/Frameworks",
					"@loader_path/Frameworks",
				);
				PRODUCT_BUNDLE_IDENTIFIER = id.farazaulia.apps.TasksUITests;
				PRODUCT_NAME = "$(TARGET_NAME)";
				SWIFT_VERSION = 5.0;
				TARGETED_DEVICE_FAMILY = "1,2";
				TEST_TARGET_NAME = Tasks;
			};
			name = Debug;
		};
		85281AE6237CA49100B39BDE /* Release */ = {
			isa = XCBuildConfiguration;
			buildSettings = {
				ALWAYS_EMBED_SWIFT_STANDARD_LIBRARIES = YES;
				CODE_SIGN_STYLE = Automatic;
				DEVELOPMENT_TEAM = 6A3SNQWQ95;
				INFOPLIST_FILE = TasksUITests/Info.plist;
				LD_RUNPATH_SEARCH_PATHS = (
					"$(inherited)",
					"@executable_path/Frameworks",
					"@loader_path/Frameworks",
				);
				PRODUCT_BUNDLE_IDENTIFIER = id.farazaulia.apps.TasksUITests;
				PRODUCT_NAME = "$(TARGET_NAME)";
				SWIFT_VERSION = 5.0;
				TARGETED_DEVICE_FAMILY = "1,2";
				TEST_TARGET_NAME = Tasks;
			};
			name = Release;
		};
/* End XCBuildConfiguration section */

/* Begin XCConfigurationList section */
		85281AAF237CA48E00B39BDE /* Build configuration list for PBXProject "Tasks" */ = {
			isa = XCConfigurationList;
			buildConfigurations = (
				85281ADC237CA49100B39BDE /* Debug */,
				85281ADD237CA49100B39BDE /* Release */,
			);
			defaultConfigurationIsVisible = 0;
			defaultConfigurationName = Release;
		};
		85281ADE237CA49100B39BDE /* Build configuration list for PBXNativeTarget "Tasks" */ = {
			isa = XCConfigurationList;
			buildConfigurations = (
				85281ADF237CA49100B39BDE /* Debug */,
				85281AE0237CA49100B39BDE /* Release */,
			);
			defaultConfigurationIsVisible = 0;
			defaultConfigurationName = Release;
		};
		85281AE1237CA49100B39BDE /* Build configuration list for PBXNativeTarget "TasksTests" */ = {
			isa = XCConfigurationList;
			buildConfigurations = (
				85281AE2237CA49100B39BDE /* Debug */,
				85281AE3237CA49100B39BDE /* Release */,
			);
			defaultConfigurationIsVisible = 0;
			defaultConfigurationName = Release;
		};
		85281AE4237CA49100B39BDE /* Build configuration list for PBXNativeTarget "TasksUITests" */ = {
			isa = XCConfigurationList;
			buildConfigurations = (
				85281AE5237CA49100B39BDE /* Debug */,
				85281AE6237CA49100B39BDE /* Release */,
			);
			defaultConfigurationIsVisible = 0;
			defaultConfigurationName = Release;
		};
/* End XCConfigurationList section */
	};
	rootObject = 85281AAC237CA48E00B39BDE /* Project object */;
}
